
Microsoft Visual Studio Solution File, Format Version 12.00
# Visual Studio Version 17
VisualStudioVersion = 17.6.33815.320
MinimumVisualStudioVersion = 10.0.40219.1
Project("{FAE04EC0-301F-11D3-BF4B-00C04F79EFBC}") = "Presentacion", "Presentacion\Presentacion.csproj", "{82C1AFF2-7AA3-4F81-9F7A-320732EE2221}"
EndProject
Project("{2150E333-8FDC-42A3-9474-1A3956D46DE8}") = "Elementos de la solución", "Elementos de la solución", "{B618CAC8-4422-4C19-A93C-ED2DB2B429E4}"
	ProjectSection(SolutionItems) = preProject
		TextFile1.txt = TextFile1.txt
	EndProjectSection
EndProject
Project("{FAE04EC0-301F-11D3-BF4B-00C04F79EFBC}") = "Controladora", "Controladora\Controladora.csproj", "{296FA201-3790-410E-AEAA-E1D3D18B4530}"
EndProject
Project("{FAE04EC0-301F-11D3-BF4B-00C04F79EFBC}") = "CasosUso", "CasosUso\CasosUso.csproj", "{D9C02BD5-DF30-47A5-B93E-D2F55F029153}"
EndProject
Global
	GlobalSection(SolutionConfigurationPlatforms) = preSolution
		Debug|Any CPU = Debug|Any CPU
		Release|Any CPU = Release|Any CPU
	EndGlobalSection
	GlobalSection(ProjectConfigurationPlatforms) = postSolution
		{82C1AFF2-7AA3-4F81-9F7A-320732EE2221}.Debug|Any CPU.ActiveCfg = Debug|Any CPU
		{82C1AFF2-7AA3-4F81-9F7A-320732EE2221}.Debug|Any CPU.Build.0 = Debug|Any CPU
		{82C1AFF2-7AA3-4F81-9F7A-320732EE2221}.Release|Any CPU.ActiveCfg = Release|Any CPU
		{82C1AFF2-7AA3-4F81-9F7A-320732EE2221}.Release|Any CPU.Build.0 = Release|Any CPU
		{296FA201-3790-410E-AEAA-E1D3D18B4530}.Debug|Any CPU.ActiveCfg = Debug|Any CPU
		{296FA201-3790-410E-AEAA-E1D3D18B4530}.Debug|Any CPU.Build.0 = Debug|Any CPU
		{296FA201-3790-410E-AEAA-E1D3D18B4530}.Release|Any CPU.ActiveCfg = Release|Any CPU
		{296FA201-3790-410E-AEAA-E1D3D18B4530}.Release|Any CPU.Build.0 = Release|Any CPU
		{D9C02BD5-DF30-47A5-B93E-D2F55F029153}.Debug|Any CPU.ActiveCfg = Debug|Any CPU
		{D9C02BD5-DF30-47A5-B93E-D2F55F029153}.Debug|Any CPU.Build.0 = Debug|Any CPU
		{D9C02BD5-DF30-47A5-B93E-D2F55F029153}.Release|Any CPU.ActiveCfg = Release|Any CPU
		{D9C02BD5-DF30-47A5-B93E-D2F55F029153}.Release|Any CPU.Build.0 = Release|Any CPU
	EndGlobalSection
	GlobalSection(SolutionProperties) = preSolution
		HideSolutionNode = FALSE
	EndGlobalSection
	GlobalSection(ExtensibilityGlobals) = postSolution
		SolutionGuid = {7C92FC38-8BE0-42AC-A32F-4E27AE5A3DBE}
	EndGlobalSection
EndGlobal
